
Microsoft Visual Studio Solution File, Format Version 12.00
# Visual Studio Version 17
VisualStudioVersion = 17.6.33815.320
MinimumVisualStudioVersion = 10.0.40219.1
Project("{FAE04EC0-301F-11D3-BF4B-00C04F79EFBC}") = "Ensigner Streaming Tools", "Ensigner Streaming Tools\Ensigner Streaming Tools.csproj", "{0B478E35-6BEB-4F08-9815-3F1F02559212}"
EndProject
Global
	GlobalSection(SolutionConfigurationPlatforms) = preSolution
		Debug|Any CPU = Debug|Any CPU
		Release|Any CPU = Release|Any CPU
	EndGlobalSection
	GlobalSection(ProjectConfigurationPlatforms) = postSolution
		{0B478E35-6BEB-4F08-9815-3F1F02559212}.Debug|Any CPU.ActiveCfg = Debug|Any CPU
		{0B478E35-6BEB-4F08-9815-3F1F02559212}.Debug|Any CPU.Build.0 = Debug|Any CPU
		{0B478E35-6BEB-4F08-9815-3F1F02559212}.Release|Any CPU.ActiveCfg = Release|Any CPU
		{0B478E35-6BEB-4F08-9815-3F1F02559212}.Release|Any CPU.Build.0 = Release|Any CPU
	EndGlobalSection
	GlobalSection(SolutionProperties) = preSolution
		HideSolutionNode = FALSE
	EndGlobalSection
	GlobalSection(ExtensibilityGlobals) = postSolution
		SolutionGuid = {DC22102D-B186-43C7-A3F3-F63424A97429}
	EndGlobalSection
EndGlobal
